<?xml version="1.0" encoding="utf-8"?>
<Project ToolsVersion="4.0" xmlns="http://schemas.microsoft.com/developer/msbuild/2003">
  <ItemGroup>
    <Filter Include="Source Files">
      <UniqueIdentifier>{4FC737F1-C7A5-4376-A066-2A32D752A2FF}</UniqueIdentifier>
      <Extensions>cpp;c;cc;cxx;def;odl;idl;hpj;bat;asm;asmx</Extensions>
    </Filter>
    <Filter Include="Header Files">
      <UniqueIdentifier>{93995380-89BD-4b04-88EB-625FBE52EBFB}</UniqueIdentifier>
      <Extensions>h;hpp;hxx;hm;inl;inc;xsd</Extensions>
    </Filter>
    <Filter Include="Resource Files">
      <UniqueIdentifier>{67DA6AB6-F800-4c08-8B7A-83BB121AAD01}</UniqueIdentifier>
      <Extensions>rc;ico;cur;bmp;dlg;rc2;rct;bin;rgs;gif;jpg;jpeg;jpe;resx;tiff;tif;png;wav</Extensions>
    </Filter>
  </ItemGroup>
  <ItemGroup>
    <ClCompile Include="NVScript\ScriptLib\AddMetaProperty.cpp">
      <Filter>Source Files</Filter>
    </ClCompile>
    <ClCompile Include="NVScript\ScriptLib\AddSingleMetaProperty.cpp">
      <Filter>Source Files</Filter>
    </ClCompile>
    <ClCompile Include="NVScript\ScriptLib\CalcTextTime.cpp">
      <Filter>Source Files</Filter>
    </ClCompile>
    <ClCompile Include="NVScript\ScriptLib\CDSend.cpp">
      <Filter>Source Files</Filter>
    </ClCompile>
    <ClCompile Include="NVScript\ScriptLib\DebugPrintf.cpp">
      <Filter>Source Files</Filter>
    </ClCompile>
    <ClCompile Include="NVScript\ScriptLib\DeleteAllLinks.cpp">
      <Filter>Source Files</Filter>
    </ClCompile>
    <ClCompile Include="NVScript\ScriptLib\DeleteAllLinksByData.cpp">
      <Filter>Source Files</Filter>
    </ClCompile>
    <ClCompile Include="NVScript\ScriptLib\DisplayPrintf.cpp">
      <Filter>Source Files</Filter>
    </ClCompile>
    <ClCompile Include="NVScript\ScriptLib\FixupPlayerLinks.cpp">
      <Filter>Source Files</Filter>
    </ClCompile>
    <ClCompile Include="NVScript\ScriptLib\GetAnyLink.cpp">
      <Filter>Source Files</Filter>
    </ClCompile>
    <ClCompile Include="NVScript\ScriptLib\GetAnyLinkByData.cpp">
      <Filter>Source Files</Filter>
    </ClCompile>
    <ClCompile Include="NVScript\ScriptLib\GetAnyLinkByDataDest.cpp">
      <Filter>Source Files</Filter>
    </ClCompile>
    <ClCompile Include="NVScript\ScriptLib\GetAnyLinkByDataInheritedSrc.cpp">
      <Filter>Source Files</Filter>
    </ClCompile>
    <ClCompile Include="NVScript\ScriptLib\GetAnyLinkDest.cpp">
      <Filter>Source Files</Filter>
    </ClCompile>
    <ClCompile Include="NVScript\ScriptLib\GetAnyLinkInheritedSrc.cpp">
      <Filter>Source Files</Filter>
    </ClCompile>
    <ClCompile Include="NVScript\ScriptLib\GetObjectParamBool.cpp">
      <Filter>Source Files</Filter>
    </ClCompile>
    <ClCompile Include="NVScript\ScriptLib\GetObjectParamFloat.cpp">
      <Filter>Source Files</Filter>
    </ClCompile>
    <ClCompile Include="NVScript\ScriptLib\GetObjectParamInt.cpp">
      <Filter>Source Files</Filter>
    </ClCompile>
    <ClCompile Include="NVScript\ScriptLib\GetObjectParamObject.cpp">
      <Filter>Source Files</Filter>
    </ClCompile>
    <ClCompile Include="NVScript\ScriptLib\GetObjectParams.cpp">
      <Filter>Source Files</Filter>
    </ClCompile>
    <ClCompile Include="NVScript\ScriptLib\GetObjectParamsNoInherit.cpp">
      <Filter>Source Files</Filter>
    </ClCompile>
    <ClCompile Include="NVScript\ScriptLib\GetObjectParamString.cpp">
      <Filter>Source Files</Filter>
    </ClCompile>
    <ClCompile Include="NVScript\ScriptLib\GetObjectParamTime.cpp">
      <Filter>Source Files</Filter>
    </ClCompile>
    <ClCompile Include="NVScript\ScriptLib\GetOneLink.cpp">
      <Filter>Source Files</Filter>
    </ClCompile>
    <ClCompile Include="NVScript\ScriptLib\GetOneLinkByData.cpp">
      <Filter>Source Files</Filter>
    </ClCompile>
    <ClCompile Include="NVScript\ScriptLib\GetOneLinkByDataDest.cpp">
      <Filter>Source Files</Filter>
    </ClCompile>
    <ClCompile Include="NVScript\ScriptLib\GetOneLinkByDataInheritedSrc.cpp">
      <Filter>Source Files</Filter>
    </ClCompile>
    <ClCompile Include="NVScript\ScriptLib\GetOneLinkDest.cpp">
      <Filter>Source Files</Filter>
    </ClCompile>
    <ClCompile Include="NVScript\ScriptLib\GetOneLinkInheritedSrc.cpp">
      <Filter>Source Files</Filter>
    </ClCompile>
    <ClCompile Include="NVScript\ScriptLib\GetParamBool.cpp">
      <Filter>Source Files</Filter>
    </ClCompile>
    <ClCompile Include="NVScript\ScriptLib\GetParamFloat.cpp">
      <Filter>Source Files</Filter>
    </ClCompile>
    <ClCompile Include="NVScript\ScriptLib\GetParamInt.cpp">
      <Filter>Source Files</Filter>
    </ClCompile>
    <ClCompile Include="NVScript\ScriptLib\GetParamObject.cpp">
      <Filter>Source Files</Filter>
    </ClCompile>
    <ClCompile Include="NVScript\ScriptLib\GetParamString.cpp">
      <Filter>Source Files</Filter>
    </ClCompile>
    <ClCompile Include="NVScript\ScriptLib\GetParamTime.cpp">
      <Filter>Source Files</Filter>
    </ClCompile>
    <ClCompile Include="NVScript\ScriptLib\GlobalParamCache.cpp">
      <Filter>Source Files</Filter>
    </ClCompile>
    <ClCompile Include="NVScript\ScriptLib\HexTable.cpp">
      <Filter>Source Files</Filter>
    </ClCompile>
    <ClCompile Include="NVScript\ScriptLib\IterateLinks.cpp">
      <Filter>Source Files</Filter>
    </ClCompile>
    <ClCompile Include="NVScript\ScriptLib\IterateLinksByData.cpp">
      <Filter>Source Files</Filter>
    </ClCompile>
    <ClCompile Include="NVScript\ScriptLib\MultiParmAssignFloat.cpp">
      <Filter>Source Files</Filter>
    </ClCompile>
    <ClCompile Include="NVScript\ScriptLib\MultiParmAssignInt.cpp">
      <Filter>Source Files</Filter>
    </ClCompile>
    <ClCompile Include="NVScript\ScriptLib\MultiParmAssignString.cpp">
      <Filter>Source Files</Filter>
    </ClCompile>
    <ClCompile Include="NVScript\ScriptLib\MultiParmAssignVector.cpp">
      <Filter>Source Files</Filter>
    </ClCompile>
    <ClCompile Include="NVScript\ScriptLib\ParamCache.cpp">
      <Filter>Source Files</Filter>
    </ClCompile>
    <ClCompile Include="NVScript\ScriptLib\ParamExists.cpp">
      <Filter>Source Files</Filter>
    </ClCompile>
    <ClCompile Include="NVScript\ScriptLib\ParamExistsDirect.cpp">
      <Filter>Source Files</Filter>
    </ClCompile>
    <ClCompile Include="NVScript\ScriptLib\ParamGetBool.cpp">
      <Filter>Source Files</Filter>
    </ClCompile>
    <ClCompile Include="NVScript\ScriptLib\ParamGetFloat.cpp">
      <Filter>Source Files</Filter>
    </ClCompile>
    <ClCompile Include="NVScript\ScriptLib\ParamGetInt.cpp">
      <Filter>Source Files</Filter>
    </ClCompile>
    <ClCompile Include="NVScript\ScriptLib\ParamGetObject.cpp">
      <Filter>Source Files</Filter>
    </ClCompile>
    <ClCompile Include="NVScript\ScriptLib\ParamGetString.cpp">
      <Filter>Source Files</Filter>
    </ClCompile>
    <ClCompile Include="NVScript\ScriptLib\ParamGetTime.cpp">
      <Filter>Source Files</Filter>
    </ClCompile>
    <ClCompile Include="NVScript\ScriptLib\ParamRemove.cpp">
      <Filter>Source Files</Filter>
    </ClCompile>
    <ClCompile Include="NVScript\ScriptLib\ParamSetBool.cpp">
      <Filter>Source Files</Filter>
    </ClCompile>
    <ClCompile Include="NVScript\ScriptLib\ParamSetFloat.cpp">
      <Filter>Source Files</Filter>
    </ClCompile>
    <ClCompile Include="NVScript\ScriptLib\ParamSetInt.cpp">
      <Filter>Source Files</Filter>
    </ClCompile>
    <ClCompile Include="NVScript\ScriptLib\ParamSetString.cpp">
      <Filter>Source Files</Filter>
    </ClCompile>
    <ClCompile Include="NVScript\ScriptLib\RemoveMetaProperty.cpp">
      <Filter>Source Files</Filter>
    </ClCompile>
    <ClCompile Include="NVScript\ScriptLib\RemoveObjectParam.cpp">
      <Filter>Source Files</Filter>
    </ClCompile>
    <ClCompile Include="NVScript\ScriptLib\RemoveSingleMetaProperty.cpp">
      <Filter>Source Files</Filter>
    </ClCompile>
    <ClCompile Include="NVScript\ScriptLib\ScriptLib.cpp">
      <Filter>Source Files</Filter>
    </ClCompile>
    <ClCompile Include="NVScript\ScriptLib\SetObjectParamBool.cpp">
      <Filter>Source Files</Filter>
    </ClCompile>
    <ClCompile Include="NVScript\ScriptLib\SetObjectParamFloat.cpp">
      <Filter>Source Files</Filter>
    </ClCompile>
    <ClCompile Include="NVScript\ScriptLib\SetObjectParamInt.cpp">
      <Filter>Source Files</Filter>
    </ClCompile>
    <ClCompile Include="NVScript\ScriptLib\SetObjectParams.cpp">
      <Filter>Source Files</Filter>
    </ClCompile>
    <ClCompile Include="NVScript\ScriptLib\SetObjectParamString.cpp">
      <Filter>Source Files</Filter>
    </ClCompile>
    <ClCompile Include="NVScript\ScriptLib\SetParamBool.cpp">
      <Filter>Source Files</Filter>
    </ClCompile>
    <ClCompile Include="NVScript\ScriptLib\SetParamFloat.cpp">
      <Filter>Source Files</Filter>
    </ClCompile>
    <ClCompile Include="NVScript\ScriptLib\SetParamInt.cpp">
      <Filter>Source Files</Filter>
    </ClCompile>
    <ClCompile Include="NVScript\ScriptLib\SetParamString.cpp">
      <Filter>Source Files</Filter>
    </ClCompile>
    <ClCompile Include="NVScript\ScriptLib\ShowBook.cpp">
      <Filter>Source Files</Filter>
    </ClCompile>
    <ClCompile Include="NVScript\ScriptLib\ShowString.cpp">
      <Filter>Source Files</Filter>
    </ClCompile>
    <ClCompile Include="NVScript\ScriptLib\SimplePost.cpp">
      <Filter>Source Files</Filter>
    </ClCompile>
    <ClCompile Include="NVScript\ScriptLib\SimpleSend.cpp">
      <Filter>Source Files</Filter>
    </ClCompile>
    <ClCompile Include="NVScript\ScriptLib\strqsep.cpp">
      <Filter>Source Files</Filter>
    </ClCompile>
    <ClCompile Include="NVScript\ScriptLib\strsep.cpp">
      <Filter>Source Files</Filter>
    </ClCompile>
    <ClCompile Include="NVScript\ScriptLib\strtocolor.cpp">
      <Filter>Source Files</Filter>
    </ClCompile>
    <ClCompile Include="NVScript\ScriptLib\StrToObject.cpp">
      <Filter>Source Files</Filter>
    </ClCompile>
    <ClCompile Include="NVScript\ScriptLib\strtotime.cpp">
      <Filter>Source Files</Filter>
    </ClCompile>
  </ItemGroup>
  <ItemGroup>
    <ClInclude Include="NVScript\ScriptLib.h">
      <Filter>Header Files</Filter>
    </ClInclude>
  </ItemGroup>
</Project>